
Microsoft Visual Studio Solution File, Format Version 12.00
# Visual Studio 15
VisualStudioVersion = 15.0.27130.0
MinimumVisualStudioVersion = 10.0.40219.1
Project("{888888A0-9F3D-457C-B088-3A5042F75D52}") = "rflx", "rflx.pyproj", "{657F95DF-5735-49FD-A4F5-D722D03538CF}"
EndProject
Project("{2150E333-8FDC-42A3-9474-1A3956D46DE8}") = "Solution Items", "Solution Items", "{0EA5B291-1742-4F56-B4E8-94C108866307}"
	ProjectSection(SolutionItems) = preProject
		test.cpp = test.cpp
		test.rxx.cxx = test.rxx.cxx
	EndProjectSection
EndProject
Global
	GlobalSection(SolutionConfigurationPlatforms) = preSolution
		Debug|Any CPU = Debug|Any CPU
		Release|Any CPU = Release|Any CPU
	EndGlobalSection
	GlobalSection(ProjectConfigurationPlatforms) = postSolution
		{657F95DF-5735-49FD-A4F5-D722D03538CF}.Debug|Any CPU.ActiveCfg = Debug|Any CPU
		{657F95DF-5735-49FD-A4F5-D722D03538CF}.Release|Any CPU.ActiveCfg = Release|Any CPU
	EndGlobalSection
	GlobalSection(SolutionProperties) = preSolution
		HideSolutionNode = FALSE
	EndGlobalSection
	GlobalSection(ExtensibilityGlobals) = postSolution
		SolutionGuid = {E1AF89EC-2544-4016-8E5C-C87A6FCAFA03}
	EndGlobalSection
EndGlobal
